
Microsoft Visual Studio Solution File, Format Version 12.00
# Visual Studio Version 16
VisualStudioVersion = 16.0.30621.155
MinimumVisualStudioVersion = 10.0.40219.1
Project("{9A19103F-16F7-4668-BE54-9A1E7A4F7556}") = "StoreApp.WebApp", "StoreApp.WebApp\StoreApp.WebApp.csproj", "{EDB65FAE-19DE-472D-86BB-A5C638CF93C0}"
EndProject
Project("{9A19103F-16F7-4668-BE54-9A1E7A4F7556}") = "StoreApp.Data", "StoreApp.DataModel\StoreApp.Data.csproj", "{1F03CB12-60E8-4F36-A4DD-23CBA8861AF5}"
EndProject
Project("{FAE04EC0-301F-11D3-BF4B-00C04F79EFBC}") = "StoreApp.Domain", "StoreApp.Domain\StoreApp.Domain.csproj", "{7FB24A35-A990-4CCE-BC21-40E55CA28630}"
EndProject
Global
	GlobalSection(SolutionConfigurationPlatforms) = preSolution
		Debug|Any CPU = Debug|Any CPU
		Release|Any CPU = Release|Any CPU
	EndGlobalSection
	GlobalSection(ProjectConfigurationPlatforms) = postSolution
		{EDB65FAE-19DE-472D-86BB-A5C638CF93C0}.Debug|Any CPU.ActiveCfg = Debug|Any CPU
		{EDB65FAE-19DE-472D-86BB-A5C638CF93C0}.Debug|Any CPU.Build.0 = Debug|Any CPU
		{EDB65FAE-19DE-472D-86BB-A5C638CF93C0}.Release|Any CPU.ActiveCfg = Release|Any CPU
		{EDB65FAE-19DE-472D-86BB-A5C638CF93C0}.Release|Any CPU.Build.0 = Release|Any CPU
		{1F03CB12-60E8-4F36-A4DD-23CBA8861AF5}.Debug|Any CPU.ActiveCfg = Debug|Any CPU
		{1F03CB12-60E8-4F36-A4DD-23CBA8861AF5}.Debug|Any CPU.Build.0 = Debug|Any CPU
		{1F03CB12-60E8-4F36-A4DD-23CBA8861AF5}.Release|Any CPU.ActiveCfg = Release|Any CPU
		{1F03CB12-60E8-4F36-A4DD-23CBA8861AF5}.Release|Any CPU.Build.0 = Release|Any CPU
		{7FB24A35-A990-4CCE-BC21-40E55CA28630}.Debug|Any CPU.ActiveCfg = Debug|Any CPU
		{7FB24A35-A990-4CCE-BC21-40E55CA28630}.Debug|Any CPU.Build.0 = Debug|Any CPU
		{7FB24A35-A990-4CCE-BC21-40E55CA28630}.Release|Any CPU.ActiveCfg = Release|Any CPU
		{7FB24A35-A990-4CCE-BC21-40E55CA28630}.Release|Any CPU.Build.0 = Release|Any CPU
	EndGlobalSection
	GlobalSection(SolutionProperties) = preSolution
		HideSolutionNode = FALSE
	EndGlobalSection
	GlobalSection(ExtensibilityGlobals) = postSolution
		SolutionGuid = {3CBF8170-33DA-4EF9-AE10-A92B02EE644E}
	EndGlobalSection
EndGlobal
